github.com/fxamacker/cbor/v2 v2.9.3 h1:oQBnFATpNdY8gJHTndDDv5Xl4QqNaz51G5LLEPhng3Q=
github.com/fxamacker/cbor/v2 v2.9.3/go.mod h1:vM4b+DJCtHn+zz7h3FFp/hDAI9WNWCsZj23V5ytsSxQ=
github.com/richardwooding/c2pa v0.22.0 h1:wvlfV0YcrwAPobGVrRs9Easwx2Khcpv4/C4+JgJNp0I=
github.com/richardwooding/c2pa v0.22.0/go.mod h1:HONKiQlbAPZ7s399wKi+ujsK74DMg1RMpSN7iF3PSWY=
github.com/veraison/go-cose v1.3.0 h1:2/H5w8kdSpQJyVtIhx8gmwPJ2uSz1PkyWFx0idbd7rk=
github.com/veraison/go-cose v1.3.0/go.mod h1:df09OV91aHoQWLmy1KsDdYiagtXgyAwAl8vFeFn1gMc=
github.com/x448/float16 v0.8.4 h1:qLwI1I70+NjRFUR3zs1JPUCgaCXSh3SW62uAKT1mSBM=
github.com/x448/float16 v0.8.4/go.mod h1:14CWIYCyZA/cWjXOioeEpHeN/83MdbZDRQHoFcYsOfg=
golang.org/x/crypto v0.56.0 h1:GUh5Ii4J5jtcseSMiRqr1jXCNHoxjeV9Fmekc2oLy6Y=
golang.org/x/crypto v0.56.0/go.mod h1:OMW5y6CY9l38uPLmxU6l6pwcXp1obtLo3e6gT7gQR2I=
